
Microsoft Visual Studio Solution File, Format Version 12.00
# Visual Studio 15
VisualStudioVersion = 15.0.28307.1169
MinimumVisualStudioVersion = 10.0.40219.1
Project("{FAE04EC0-301F-11D3-BF4B-00C04F79EFBC}") = "AirportIS", "AirportIS\AirportIS.csproj", "{3DFE36F1-9B4C-4DCC-B95D-4AA61011AC76}"
EndProject
Global
	GlobalSection(SolutionConfigurationPlatforms) = preSolution
		Debug|Any CPU = Debug|Any CPU
		Release|Any CPU = Release|Any CPU
	EndGlobalSection
	GlobalSection(ProjectConfigurationPlatforms) = postSolution
		{3DFE36F1-9B4C-4DCC-B95D-4AA61011AC76}.Debug|Any CPU.ActiveCfg = Debug|Any CPU
		{3DFE36F1-9B4C-4DCC-B95D-4AA61011AC76}.Debug|Any CPU.Build.0 = Debug|Any CPU
		{3DFE36F1-9B4C-4DCC-B95D-4AA61011AC76}.Release|Any CPU.ActiveCfg = Release|Any CPU
		{3DFE36F1-9B4C-4DCC-B95D-4AA61011AC76}.Release|Any CPU.Build.0 = Release|Any CPU
	EndGlobalSection
	GlobalSection(SolutionProperties) = preSolution
		HideSolutionNode = FALSE
	EndGlobalSection
	GlobalSection(ExtensibilityGlobals) = postSolution
		SolutionGuid = {353D9C81-2E08-4654-B652-43FCCBA9C9A6}
	EndGlobalSection
EndGlobal
